<?xml version="1.0" encoding="utf-8"?>
<Project ToolsVersion="4.0" xmlns="http://schemas.microsoft.com/developer/msbuild/2003">
  <ItemGroup>
    <Filter Include="ソース ファイル">
      <UniqueIdentifier>{4FC737F1-C7A5-4376-A066-2A32D752A2FF}</UniqueIdentifier>
      <Extensions>cpp;c;cc;cxx;def;odl;idl;hpj;bat;asm;asmx</Extensions>
    </Filter>
    <Filter Include="ヘッダー ファイル">
      <UniqueIdentifier>{93995380-89BD-4b04-88EB-625FBE52EBFB}</UniqueIdentifier>
      <Extensions>h;hh;hpp;hxx;hm;inl;inc;ipp;xsd</Extensions>
    </Filter>
    <Filter Include="リソース ファイル">
      <UniqueIdentifier>{67DA6AB6-F800-4c08-8B7A-83BB121AAD01}</UniqueIdentifier>
      <Extensions>rc;ico;cur;bmp;dlg;rc2;rct;bin;rgs;gif;jpg;jpeg;jpe;resx;tiff;tif;png;wav;mfcribbon-ms</Extensions>
    </Filter>
    <Filter Include="ソース ファイル\MainController">
      <UniqueIdentifier>{9054ea01-5276-4f87-a23b-13dc6aa535db}</UniqueIdentifier>
    </Filter>
    <Filter Include="ヘッダー ファイル\MainController">
      <UniqueIdentifier>{c3791779-7cd3-4222-9cd5-3e486bbc20aa}</UniqueIdentifier>
    </Filter>
    <Filter Include="ソース ファイル\Scenes">
      <UniqueIdentifier>{cb20fe84-a3e3-4d3f-be85-d6a183d2f440}</UniqueIdentifier>
    </Filter>
    <Filter Include="ソース ファイル\Particles">
      <UniqueIdentifier>{0e6f8582-1632-47c9-adc9-585bd11e7441}</UniqueIdentifier>
    </Filter>
    <Filter Include="ヘッダー ファイル\Scenes">
      <UniqueIdentifier>{30139537-b108-4b4d-b241-62ac9711cc5a}</UniqueIdentifier>
    </Filter>
    <Filter Include="ヘッダー ファイル\Particles">
      <UniqueIdentifier>{7b797a97-7812-4fa2-8e41-b1a308d8ceb9}</UniqueIdentifier>
    </Filter>
    <Filter Include="ヘッダー ファイル\Scenes\GameMain">
      <UniqueIdentifier>{eb24a1ce-4573-4c21-95c1-9c1160376e76}</UniqueIdentifier>
    </Filter>
    <Filter Include="ソース ファイル\Scenes\GameMain">
      <UniqueIdentifier>{c6307b34-99f8-4d63-aca8-94dbeb4e16bb}</UniqueIdentifier>
    </Filter>
  </ItemGroup>
  <ItemGroup>
    <ClCompile Include="Sources\MainController\main.cpp">
      <Filter>ソース ファイル\MainController</Filter>
    </ClCompile>
    <ClCompile Include="Sources\MainController\GameData.cpp">
      <Filter>ソース ファイル\MainController</Filter>
    </ClCompile>
    <ClCompile Include="Sources\MainController\InputController.cpp">
      <Filter>ソース ファイル\MainController</Filter>
    </ClCompile>
    <ClCompile Include="Sources\MainController\SceneController.cpp">
      <Filter>ソース ファイル\MainController</Filter>
    </ClCompile>
    <ClCompile Include="Sources\MainController\TimeManager.cpp">
      <Filter>ソース ファイル\MainController</Filter>
    </ClCompile>
    <ClCompile Include="Sources\Particles\EvalutionText.cpp">
      <Filter>ソース ファイル\Particles</Filter>
    </ClCompile>
    <ClCompile Include="Sources\Particles\VirtualParticle.cpp">
      <Filter>ソース ファイル\Particles</Filter>
    </ClCompile>
    <ClCompile Include="Sources\Scenes\GameMain.cpp">
      <Filter>ソース ファイル\Scenes</Filter>
    </ClCompile>
    <ClCompile Include="Sources\Scenes\StageSelect.cpp">
      <Filter>ソース ファイル\Scenes</Filter>
    </ClCompile>
    <ClCompile Include="Sources\Scenes\Title.cpp">
      <Filter>ソース ファイル\Scenes</Filter>
    </ClCompile>
    <ClCompile Include="Sources\Scenes\VirtualScene.cpp">
      <Filter>ソース ファイル\Scenes</Filter>
    </ClCompile>
    <ClCompile Include="Sources\Scenes\GameMain\LongNotes.cpp">
      <Filter>ソース ファイル\Scenes\GameMain</Filter>
    </ClCompile>
    <ClCompile Include="Sources\Scenes\GameMain\Notes.cpp">
      <Filter>ソース ファイル\Scenes\GameMain</Filter>
    </ClCompile>
    <ClCompile Include="Sources\Scenes\GameMain\PopText.cpp">
      <Filter>ソース ファイル\Scenes\GameMain</Filter>
    </ClCompile>
    <ClCompile Include="Sources\Scenes\GameMain\RepeatedNotes.cpp">
      <Filter>ソース ファイル\Scenes\GameMain</Filter>
    </ClCompile>
    <ClCompile Include="Sources\Particles\NotesButton.cpp">
      <Filter>ソース ファイル\Particles</Filter>
    </ClCompile>
    <ClCompile Include="Sources\Particles\Krkr.cpp">
      <Filter>ソース ファイル\Particles</Filter>
    </ClCompile>
  </ItemGroup>
  <ItemGroup>
    <ClInclude Include="Sources\MainController\GameData.h">
      <Filter>ヘッダー ファイル\MainController</Filter>
    </ClInclude>
    <ClInclude Include="Sources\MainController\InputController.h">
      <Filter>ヘッダー ファイル\MainController</Filter>
    </ClInclude>
    <ClInclude Include="Sources\MainController\SceneController.h">
      <Filter>ヘッダー ファイル\MainController</Filter>
    </ClInclude>
    <ClInclude Include="Sources\MainController\TimeManager.h">
      <Filter>ヘッダー ファイル\MainController</Filter>
    </ClInclude>
    <ClInclude Include="Sources\Particles\EvalutionText.h">
      <Filter>ヘッダー ファイル\Particles</Filter>
    </ClInclude>
    <ClInclude Include="Sources\Particles\VirtualParticle.h">
      <Filter>ヘッダー ファイル\Particles</Filter>
    </ClInclude>
    <ClInclude Include="Sources\Scenes\GameMain.h">
      <Filter>ヘッダー ファイル\Scenes</Filter>
    </ClInclude>
    <ClInclude Include="Sources\Scenes\StageSelect.h">
      <Filter>ヘッダー ファイル\Scenes</Filter>
    </ClInclude>
    <ClInclude Include="Sources\Scenes\Title.h">
      <Filter>ヘッダー ファイル\Scenes</Filter>
    </ClInclude>
    <ClInclude Include="Sources\Scenes\VirtualScene.h">
      <Filter>ヘッダー ファイル\Scenes</Filter>
    </ClInclude>
    <ClInclude Include="Sources\Scenes\GameMain\LongNotes.h">
      <Filter>ヘッダー ファイル\Scenes\GameMain</Filter>
    </ClInclude>
    <ClInclude Include="Sources\Scenes\GameMain\Notes.h">
      <Filter>ヘッダー ファイル\Scenes\GameMain</Filter>
    </ClInclude>
    <ClInclude Include="Sources\Scenes\GameMain\PopText.h">
      <Filter>ヘッダー ファイル\Scenes\GameMain</Filter>
    </ClInclude>
    <ClInclude Include="Sources\Scenes\GameMain\RepeatedNotes.h">
      <Filter>ヘッダー ファイル\Scenes\GameMain</Filter>
    </ClInclude>
    <ClInclude Include="Sources\Particles\NotesButton.h">
      <Filter>ヘッダー ファイル\Particles</Filter>
    </ClInclude>
    <ClInclude Include="Sources\Particles\Krkr.h">
      <Filter>ヘッダー ファイル\Particles</Filter>
    </ClInclude>
  </ItemGroup>
</Project>