
Microsoft Visual Studio Solution File, Format Version 12.00
# Visual Studio 15
VisualStudioVersion = 15.0.28307.852
MinimumVisualStudioVersion = 10.0.40219.1
Project("{8BC9CEB8-8B4A-11D0-8D11-00A0C91BC942}") = "OtomeNotes", "OtomeNotes\OtomeNotes.vcxproj", "{EDA37CA7-271F-49FA-875F-387668B0A286}"
EndProject
Global
	GlobalSection(SolutionConfigurationPlatforms) = preSolution
		Debug|x64 = Debug|x64
		Debug|x86 = Debug|x86
		Release|x64 = Release|x64
		Release|x86 = Release|x86
	EndGlobalSection
	GlobalSection(ProjectConfigurationPlatforms) = postSolution
		{EDA37CA7-271F-49FA-875F-387668B0A286}.Debug|x64.ActiveCfg = Debug|x64
		{EDA37CA7-271F-49FA-875F-387668B0A286}.Debug|x64.Build.0 = Debug|x64
		{EDA37CA7-271F-49FA-875F-387668B0A286}.Debug|x86.ActiveCfg = Debug|Win32
		{EDA37CA7-271F-49FA-875F-387668B0A286}.Debug|x86.Build.0 = Debug|Win32
		{EDA37CA7-271F-49FA-875F-387668B0A286}.Release|x64.ActiveCfg = Release|x64
		{EDA37CA7-271F-49FA-875F-387668B0A286}.Release|x64.Build.0 = Release|x64
		{EDA37CA7-271F-49FA-875F-387668B0A286}.Release|x86.ActiveCfg = Release|Win32
		{EDA37CA7-271F-49FA-875F-387668B0A286}.Release|x86.Build.0 = Release|Win32
	EndGlobalSection
	GlobalSection(SolutionProperties) = preSolution
		HideSolutionNode = FALSE
	EndGlobalSection
	GlobalSection(ExtensibilityGlobals) = postSolution
		SolutionGuid = {DC7F316F-EE71-4552-BD7A-6F4B1A3EEC22}
	EndGlobalSection
EndGlobal
